{
  "version": "3",
  "packages": {
    "specifiers": {
      "npm:preact@10.19.6": "npm:preact@10.19.6"
    },
    "npm": {
      "preact@10.19.6": {
        "integrity": "sha512-gympg+T2Z1fG1unB8NH29yHJwnEaCH37Z32diPDku316OTnRPeMbiRV9kTrfZpocXjdfnWuFUl/Mj4BHaf6gnw==",
        "dependencies": {}
      }
    }
  },
  "remote": {},
  "workspace": {
    "dependencies": [
      "npm:preact@10.19.6"
    ]
  }
}
